
Microsoft Visual Studio Solution File, Format Version 12.00
# Visual Studio 14
VisualStudioVersion = 14.0.25123.0
MinimumVisualStudioVersion = 10.0.40219.1
Project("{FAE04EC0-301F-11D3-BF4B-00C04F79EFBC}") = "TypeCobolBuilder", "TypeCobolBuilder.csproj", "{B1B84FEA-5DEA-47C7-A080-8458535C235C}"
EndProject
Project("{8BC9CEB8-8B4A-11D0-8D11-00A0C91BC942}") = "TCB", "..\TCB\TCB.vcxproj", "{1BFA4484-C92E-4502-AD9F-4D0E646B230E}"
EndProject
Project("{2150E333-8FDC-42A3-9474-1A3956D46DE8}") = ".nuget", ".nuget", "{8519C109-7688-4A80-AF48-5157B3834DDC}"
	ProjectSection(SolutionItems) = preProject
		.nuget\NuGet.Config = .nuget\NuGet.Config
		.nuget\NuGet.exe = .nuget\NuGet.exe
		.nuget\NuGet.targets = .nuget\NuGet.targets
	EndProjectSection
EndProject
Global
	GlobalSection(SolutionConfigurationPlatforms) = preSolution
		Debug_gradle|Any CPU = Debug_gradle|Any CPU
		Debug_gradle|Mixed Platforms = Debug_gradle|Mixed Platforms
		Debug_gradle|Win32 = Debug_gradle|Win32
		Debug_gradle|x64 = Debug_gradle|x64
		Debug_maven|Any CPU = Debug_maven|Any CPU
		Debug_maven|Mixed Platforms = Debug_maven|Mixed Platforms
		Debug_maven|Win32 = Debug_maven|Win32
		Debug_maven|x64 = Debug_maven|x64
		Debug_x64_gradle|Any CPU = Debug_x64_gradle|Any CPU
		Debug_x64_gradle|Mixed Platforms = Debug_x64_gradle|Mixed Platforms
		Debug_x64_gradle|Win32 = Debug_x64_gradle|Win32
		Debug_x64_gradle|x64 = Debug_x64_gradle|x64
		Debug_x64_maven|Any CPU = Debug_x64_maven|Any CPU
		Debug_x64_maven|Mixed Platforms = Debug_x64_maven|Mixed Platforms
		Debug_x64_maven|Win32 = Debug_x64_maven|Win32
		Debug_x64_maven|x64 = Debug_x64_maven|x64
		Release_gradle|Any CPU = Release_gradle|Any CPU
		Release_gradle|Mixed Platforms = Release_gradle|Mixed Platforms
		Release_gradle|Win32 = Release_gradle|Win32
		Release_gradle|x64 = Release_gradle|x64
		Release_maven|Any CPU = Release_maven|Any CPU
		Release_maven|Mixed Platforms = Release_maven|Mixed Platforms
		Release_maven|Win32 = Release_maven|Win32
		Release_maven|x64 = Release_maven|x64
		Release_x64_gradle|Any CPU = Release_x64_gradle|Any CPU
		Release_x64_gradle|Mixed Platforms = Release_x64_gradle|Mixed Platforms
		Release_x64_gradle|Win32 = Release_x64_gradle|Win32
		Release_x64_gradle|x64 = Release_x64_gradle|x64
		Release_x64_maven|Any CPU = Release_x64_maven|Any CPU
		Release_x64_maven|Mixed Platforms = Release_x64_maven|Mixed Platforms
		Release_x64_maven|Win32 = Release_x64_maven|Win32
		Release_x64_maven|x64 = Release_x64_maven|x64
	EndGlobalSection
	GlobalSection(ProjectConfigurationPlatforms) = postSolution
		{B1B84FEA-5DEA-47C7-A080-8458535C235C}.Debug_gradle|Any CPU.ActiveCfg = Debug_gradle|Any CPU
		{B1B84FEA-5DEA-47C7-A080-8458535C235C}.Debug_gradle|Any CPU.Build.0 = Debug_gradle|Any CPU
		{B1B84FEA-5DEA-47C7-A080-8458535C235C}.Debug_gradle|Mixed Platforms.ActiveCfg = Debug_gradle|Any CPU
		{B1B84FEA-5DEA-47C7-A080-8458535C235C}.Debug_gradle|Mixed Platforms.Build.0 = Debug_gradle|Any CPU
		{B1B84FEA-5DEA-47C7-A080-8458535C235C}.Debug_gradle|Win32.ActiveCfg = Debug_gradle|Any CPU
		{B1B84FEA-5DEA-47C7-A080-8458535C235C}.Debug_gradle|Win32.Build.0 = Debug_gradle|Any CPU
		{B1B84FEA-5DEA-47C7-A080-8458535C235C}.Debug_gradle|x64.ActiveCfg = Debug_gradle|Any CPU
		{B1B84FEA-5DEA-47C7-A080-8458535C235C}.Debug_gradle|x64.Build.0 = Debug_gradle|Any CPU
		{B1B84FEA-5DEA-47C7-A080-8458535C235C}.Debug_maven|Any CPU.ActiveCfg = Debug_maven|Any CPU
		{B1B84FEA-5DEA-47C7-A080-8458535C235C}.Debug_maven|Any CPU.Build.0 = Debug_maven|Any CPU
		{B1B84FEA-5DEA-47C7-A080-8458535C235C}.Debug_maven|Mixed Platforms.ActiveCfg = Debug_maven|Any CPU
		{B1B84FEA-5DEA-47C7-A080-8458535C235C}.Debug_maven|Mixed Platforms.Build.0 = Debug_maven|Any CPU
		{B1B84FEA-5DEA-47C7-A080-8458535C235C}.Debug_maven|Win32.ActiveCfg = Debug_maven|Any CPU
		{B1B84FEA-5DEA-47C7-A080-8458535C235C}.Debug_maven|Win32.Build.0 = Debug_maven|Any CPU
		{B1B84FEA-5DEA-47C7-A080-8458535C235C}.Debug_maven|x64.ActiveCfg = Debug_maven|Any CPU
		{B1B84FEA-5DEA-47C7-A080-8458535C235C}.Debug_maven|x64.Build.0 = Debug_maven|Any CPU
		{B1B84FEA-5DEA-47C7-A080-8458535C235C}.Debug_x64_gradle|Any CPU.ActiveCfg = Debug_x64_gradle|Any CPU
		{B1B84FEA-5DEA-47C7-A080-8458535C235C}.Debug_x64_gradle|Any CPU.Build.0 = Debug_x64_gradle|Any CPU
		{B1B84FEA-5DEA-47C7-A080-8458535C235C}.Debug_x64_gradle|Mixed Platforms.ActiveCfg = Debug_x64_gradle|Any CPU
		{B1B84FEA-5DEA-47C7-A080-8458535C235C}.Debug_x64_gradle|Mixed Platforms.Build.0 = Debug_x64_gradle|Any CPU
		{B1B84FEA-5DEA-47C7-A080-8458535C235C}.Debug_x64_gradle|Win32.ActiveCfg = Debug_x64_gradle|Any CPU
		{B1B84FEA-5DEA-47C7-A080-8458535C235C}.Debug_x64_gradle|Win32.Build.0 = Debug_x64_gradle|Any CPU
		{B1B84FEA-5DEA-47C7-A080-8458535C235C}.Debug_x64_gradle|x64.ActiveCfg = Debug_x64_gradle|Any CPU
		{B1B84FEA-5DEA-47C7-A080-8458535C235C}.Debug_x64_gradle|x64.Build.0 = Debug_x64_gradle|Any CPU
		{B1B84FEA-5DEA-47C7-A080-8458535C235C}.Debug_x64_maven|Any CPU.ActiveCfg = Debug_x64_maven|Any CPU
		{B1B84FEA-5DEA-47C7-A080-8458535C235C}.Debug_x64_maven|Any CPU.Build.0 = Debug_x64_maven|Any CPU
		{B1B84FEA-5DEA-47C7-A080-8458535C235C}.Debug_x64_maven|Mixed Platforms.ActiveCfg = Debug_x64_maven|Any CPU
		{B1B84FEA-5DEA-47C7-A080-8458535C235C}.Debug_x64_maven|Mixed Platforms.Build.0 = Debug_x64_maven|Any CPU
		{B1B84FEA-5DEA-47C7-A080-8458535C235C}.Debug_x64_maven|Win32.ActiveCfg = Debug_x64_maven|Any CPU
		{B1B84FEA-5DEA-47C7-A080-8458535C235C}.Debug_x64_maven|Win32.Build.0 = Debug_x64_maven|Any CPU
		{B1B84FEA-5DEA-47C7-A080-8458535C235C}.Debug_x64_maven|x64.ActiveCfg = Debug_x64_maven|Any CPU
		{B1B84FEA-5DEA-47C7-A080-8458535C235C}.Debug_x64_maven|x64.Build.0 = Debug_x64_maven|Any CPU
		{B1B84FEA-5DEA-47C7-A080-8458535C235C}.Release_gradle|Any CPU.ActiveCfg = Release_gradle|Any CPU
		{B1B84FEA-5DEA-47C7-A080-8458535C235C}.Release_gradle|Any CPU.Build.0 = Release_gradle|Any CPU
		{B1B84FEA-5DEA-47C7-A080-8458535C235C}.Release_gradle|Mixed Platforms.ActiveCfg = Release_gradle|Any CPU
		{B1B84FEA-5DEA-47C7-A080-8458535C235C}.Release_gradle|Mixed Platforms.Build.0 = Release_gradle|Any CPU
		{B1B84FEA-5DEA-47C7-A080-8458535C235C}.Release_gradle|Win32.ActiveCfg = Release_gradle|Any CPU
		{B1B84FEA-5DEA-47C7-A080-8458535C235C}.Release_gradle|Win32.Build.0 = Release_gradle|Any CPU
		{B1B84FEA-5DEA-47C7-A080-8458535C235C}.Release_gradle|x64.ActiveCfg = Release_gradle|Any CPU
		{B1B84FEA-5DEA-47C7-A080-8458535C235C}.Release_gradle|x64.Build.0 = Release_gradle|Any CPU
		{B1B84FEA-5DEA-47C7-A080-8458535C235C}.Release_maven|Any CPU.ActiveCfg = Release_maven|Any CPU
		{B1B84FEA-5DEA-47C7-A080-8458535C235C}.Release_maven|Any CPU.Build.0 = Release_maven|Any CPU
		{B1B84FEA-5DEA-47C7-A080-8458535C235C}.Release_maven|Mixed Platforms.ActiveCfg = Release_maven|Any CPU
		{B1B84FEA-5DEA-47C7-A080-8458535C235C}.Release_maven|Mixed Platforms.Build.0 = Release_maven|Any CPU
		{B1B84FEA-5DEA-47C7-A080-8458535C235C}.Release_maven|Win32.ActiveCfg = Release_maven|Any CPU
		{B1B84FEA-5DEA-47C7-A080-8458535C235C}.Release_maven|Win32.Build.0 = Release_maven|Any CPU
		{B1B84FEA-5DEA-47C7-A080-8458535C235C}.Release_maven|x64.ActiveCfg = Release_maven|Any CPU
		{B1B84FEA-5DEA-47C7-A080-8458535C235C}.Release_maven|x64.Build.0 = Release_maven|Any CPU
		{B1B84FEA-5DEA-47C7-A080-8458535C235C}.Release_x64_gradle|Any CPU.ActiveCfg = Release_x64_gradle|Any CPU
		{B1B84FEA-5DEA-47C7-A080-8458535C235C}.Release_x64_gradle|Any CPU.Build.0 = Release_x64_gradle|Any CPU
		{B1B84FEA-5DEA-47C7-A080-8458535C235C}.Release_x64_gradle|Mixed Platforms.ActiveCfg = Release_x64_gradle|Any CPU
		{B1B84FEA-5DEA-47C7-A080-8458535C235C}.Release_x64_gradle|Mixed Platforms.Build.0 = Release_x64_gradle|Any CPU
		{B1B84FEA-5DEA-47C7-A080-8458535C235C}.Release_x64_gradle|Win32.ActiveCfg = Release_x64_gradle|Any CPU
		{B1B84FEA-5DEA-47C7-A080-8458535C235C}.Release_x64_gradle|Win32.Build.0 = Release_x64_gradle|Any CPU
		{B1B84FEA-5DEA-47C7-A080-8458535C235C}.Release_x64_gradle|x64.ActiveCfg = Release_x64_gradle|Any CPU
		{B1B84FEA-5DEA-47C7-A080-8458535C235C}.Release_x64_gradle|x64.Build.0 = Release_x64_gradle|Any CPU
		{B1B84FEA-5DEA-47C7-A080-8458535C235C}.Release_x64_maven|Any CPU.ActiveCfg = Release_x64_maven|Any CPU
		{B1B84FEA-5DEA-47C7-A080-8458535C235C}.Release_x64_maven|Any CPU.Build.0 = Release_x64_maven|Any CPU
		{B1B84FEA-5DEA-47C7-A080-8458535C235C}.Release_x64_maven|Mixed Platforms.ActiveCfg = Release_x64_maven|Any CPU
		{B1B84FEA-5DEA-47C7-A080-8458535C235C}.Release_x64_maven|Mixed Platforms.Build.0 = Release_x64_maven|Any CPU
		{B1B84FEA-5DEA-47C7-A080-8458535C235C}.Release_x64_maven|Win32.ActiveCfg = Release_x64_maven|Any CPU
		{B1B84FEA-5DEA-47C7-A080-8458535C235C}.Release_x64_maven|Win32.Build.0 = Release_x64_maven|Any CPU
		{B1B84FEA-5DEA-47C7-A080-8458535C235C}.Release_x64_maven|x64.ActiveCfg = Release_x64_maven|Any CPU
		{B1B84FEA-5DEA-47C7-A080-8458535C235C}.Release_x64_maven|x64.Build.0 = Release_x64_maven|Any CPU
		{1BFA4484-C92E-4502-AD9F-4D0E646B230E}.Debug_gradle|Any CPU.ActiveCfg = Debug_gradle|Win32
		{1BFA4484-C92E-4502-AD9F-4D0E646B230E}.Debug_gradle|Mixed Platforms.ActiveCfg = Debug_gradle|Win32
		{1BFA4484-C92E-4502-AD9F-4D0E646B230E}.Debug_gradle|Mixed Platforms.Build.0 = Debug_gradle|Win32
		{1BFA4484-C92E-4502-AD9F-4D0E646B230E}.Debug_gradle|Win32.ActiveCfg = Debug_gradle|Win32
		{1BFA4484-C92E-4502-AD9F-4D0E646B230E}.Debug_gradle|Win32.Build.0 = Debug_gradle|Win32
		{1BFA4484-C92E-4502-AD9F-4D0E646B230E}.Debug_gradle|x64.ActiveCfg = Debug_gradle|x64
		{1BFA4484-C92E-4502-AD9F-4D0E646B230E}.Debug_gradle|x64.Build.0 = Debug_gradle|x64
		{1BFA4484-C92E-4502-AD9F-4D0E646B230E}.Debug_maven|Any CPU.ActiveCfg = Debug_maven|Win32
		{1BFA4484-C92E-4502-AD9F-4D0E646B230E}.Debug_maven|Mixed Platforms.ActiveCfg = Debug_maven|Win32
		{1BFA4484-C92E-4502-AD9F-4D0E646B230E}.Debug_maven|Mixed Platforms.Build.0 = Debug_maven|Win32
		{1BFA4484-C92E-4502-AD9F-4D0E646B230E}.Debug_maven|Win32.ActiveCfg = Debug_maven|Win32
		{1BFA4484-C92E-4502-AD9F-4D0E646B230E}.Debug_maven|Win32.Build.0 = Debug_maven|Win32
		{1BFA4484-C92E-4502-AD9F-4D0E646B230E}.Debug_maven|x64.ActiveCfg = Debug_maven|x64
		{1BFA4484-C92E-4502-AD9F-4D0E646B230E}.Debug_maven|x64.Build.0 = Debug_maven|x64
		{1BFA4484-C92E-4502-AD9F-4D0E646B230E}.Debug_x64_gradle|Any CPU.ActiveCfg = Debug_x64_gradle|x64
		{1BFA4484-C92E-4502-AD9F-4D0E646B230E}.Debug_x64_gradle|Mixed Platforms.ActiveCfg = Debug_x64_gradle|x64
		{1BFA4484-C92E-4502-AD9F-4D0E646B230E}.Debug_x64_gradle|Mixed Platforms.Build.0 = Debug_x64_gradle|x64
		{1BFA4484-C92E-4502-AD9F-4D0E646B230E}.Debug_x64_gradle|Win32.ActiveCfg = Debug_x64_gradle|x64
		{1BFA4484-C92E-4502-AD9F-4D0E646B230E}.Debug_x64_gradle|x64.ActiveCfg = Debug_x64_gradle|x64
		{1BFA4484-C92E-4502-AD9F-4D0E646B230E}.Debug_x64_gradle|x64.Build.0 = Debug_x64_gradle|x64
		{1BFA4484-C92E-4502-AD9F-4D0E646B230E}.Debug_x64_maven|Any CPU.ActiveCfg = Debug_x64_maven|x64
		{1BFA4484-C92E-4502-AD9F-4D0E646B230E}.Debug_x64_maven|Mixed Platforms.ActiveCfg = Debug_x64_maven|x64
		{1BFA4484-C92E-4502-AD9F-4D0E646B230E}.Debug_x64_maven|Mixed Platforms.Build.0 = Debug_x64_maven|x64
		{1BFA4484-C92E-4502-AD9F-4D0E646B230E}.Debug_x64_maven|Win32.ActiveCfg = Debug_x64_maven|x64
		{1BFA4484-C92E-4502-AD9F-4D0E646B230E}.Debug_x64_maven|x64.ActiveCfg = Debug_x64_maven|x64
		{1BFA4484-C92E-4502-AD9F-4D0E646B230E}.Debug_x64_maven|x64.Build.0 = Debug_x64_maven|x64
		{1BFA4484-C92E-4502-AD9F-4D0E646B230E}.Release_gradle|Any CPU.ActiveCfg = Release_gradle|Win32
		{1BFA4484-C92E-4502-AD9F-4D0E646B230E}.Release_gradle|Mixed Platforms.ActiveCfg = Release_gradle|Win32
		{1BFA4484-C92E-4502-AD9F-4D0E646B230E}.Release_gradle|Mixed Platforms.Build.0 = Release_gradle|Win32
		{1BFA4484-C92E-4502-AD9F-4D0E646B230E}.Release_gradle|Win32.ActiveCfg = Release_gradle|Win32
		{1BFA4484-C92E-4502-AD9F-4D0E646B230E}.Release_gradle|Win32.Build.0 = Release_gradle|Win32
		{1BFA4484-C92E-4502-AD9F-4D0E646B230E}.Release_gradle|x64.ActiveCfg = Release_gradle|x64
		{1BFA4484-C92E-4502-AD9F-4D0E646B230E}.Release_gradle|x64.Build.0 = Release_gradle|x64
		{1BFA4484-C92E-4502-AD9F-4D0E646B230E}.Release_maven|Any CPU.ActiveCfg = Release_maven|Win32
		{1BFA4484-C92E-4502-AD9F-4D0E646B230E}.Release_maven|Mixed Platforms.ActiveCfg = Release_maven|Win32
		{1BFA4484-C92E-4502-AD9F-4D0E646B230E}.Release_maven|Mixed Platforms.Build.0 = Release_maven|Win32
		{1BFA4484-C92E-4502-AD9F-4D0E646B230E}.Release_maven|Win32.ActiveCfg = Release_maven|Win32
		{1BFA4484-C92E-4502-AD9F-4D0E646B230E}.Release_maven|Win32.Build.0 = Release_maven|Win32
		{1BFA4484-C92E-4502-AD9F-4D0E646B230E}.Release_maven|x64.ActiveCfg = Release_maven|x64
		{1BFA4484-C92E-4502-AD9F-4D0E646B230E}.Release_maven|x64.Build.0 = Release_maven|x64
		{1BFA4484-C92E-4502-AD9F-4D0E646B230E}.Release_x64_gradle|Any CPU.ActiveCfg = Release_x64_gradle|x64
		{1BFA4484-C92E-4502-AD9F-4D0E646B230E}.Release_x64_gradle|Mixed Platforms.ActiveCfg = Release_x64_gradle|x64
		{1BFA4484-C92E-4502-AD9F-4D0E646B230E}.Release_x64_gradle|Mixed Platforms.Build.0 = Release_x64_gradle|x64
		{1BFA4484-C92E-4502-AD9F-4D0E646B230E}.Release_x64_gradle|Win32.ActiveCfg = Release_x64_gradle|x64
		{1BFA4484-C92E-4502-AD9F-4D0E646B230E}.Release_x64_gradle|x64.ActiveCfg = Release_x64_gradle|x64
		{1BFA4484-C92E-4502-AD9F-4D0E646B230E}.Release_x64_gradle|x64.Build.0 = Release_x64_gradle|x64
		{1BFA4484-C92E-4502-AD9F-4D0E646B230E}.Release_x64_maven|Any CPU.ActiveCfg = Release_x64_maven|x64
		{1BFA4484-C92E-4502-AD9F-4D0E646B230E}.Release_x64_maven|Mixed Platforms.ActiveCfg = Release_x64_maven|x64
		{1BFA4484-C92E-4502-AD9F-4D0E646B230E}.Release_x64_maven|Mixed Platforms.Build.0 = Release_x64_maven|x64
		{1BFA4484-C92E-4502-AD9F-4D0E646B230E}.Release_x64_maven|Win32.ActiveCfg = Release_x64_maven|x64
		{1BFA4484-C92E-4502-AD9F-4D0E646B230E}.Release_x64_maven|x64.ActiveCfg = Release_x64_maven|x64
		{1BFA4484-C92E-4502-AD9F-4D0E646B230E}.Release_x64_maven|x64.Build.0 = Release_x64_maven|x64
	EndGlobalSection
	GlobalSection(SolutionProperties) = preSolution
		HideSolutionNode = FALSE
	EndGlobalSection
EndGlobal
